
Microsoft Visual Studio Solution File, Format Version 12.00
# Visual Studio 14
VisualStudioVersion = 14.0.25123.0
MinimumVisualStudioVersion = 10.0.40219.1
Project("{F2A71F9B-5D33-465A-A702-920D77279786}") = "SumByFactors.Tests", "tests\SumByFactors.Tests.fsproj", "{0BC0D71A-7FCB-4E55-B278-1CEB858F3ECF}"
EndProject
Project("{F2A71F9B-5D33-465A-A702-920D77279786}") = "SumByFactors", "app\SumByFactors.fsproj", "{F73D1C1E-BEF9-44CB-BF69-7B6790310F54}"
EndProject
Global
	GlobalSection(SolutionConfigurationPlatforms) = preSolution
		Debug|Any CPU = Debug|Any CPU
		Release|Any CPU = Release|Any CPU
	EndGlobalSection
	GlobalSection(ProjectConfigurationPlatforms) = postSolution
		{0BC0D71A-7FCB-4E55-B278-1CEB858F3ECF}.Debug|Any CPU.ActiveCfg = Debug|Any CPU
		{0BC0D71A-7FCB-4E55-B278-1CEB858F3ECF}.Debug|Any CPU.Build.0 = Debug|Any CPU
		{0BC0D71A-7FCB-4E55-B278-1CEB858F3ECF}.Release|Any CPU.ActiveCfg = Release|Any CPU
		{0BC0D71A-7FCB-4E55-B278-1CEB858F3ECF}.Release|Any CPU.Build.0 = Release|Any CPU
		{F73D1C1E-BEF9-44CB-BF69-7B6790310F54}.Debug|Any CPU.ActiveCfg = Debug|Any CPU
		{F73D1C1E-BEF9-44CB-BF69-7B6790310F54}.Debug|Any CPU.Build.0 = Debug|Any CPU
		{F73D1C1E-BEF9-44CB-BF69-7B6790310F54}.Release|Any CPU.ActiveCfg = Release|Any CPU
		{F73D1C1E-BEF9-44CB-BF69-7B6790310F54}.Release|Any CPU.Build.0 = Release|Any CPU
	EndGlobalSection
	GlobalSection(SolutionProperties) = preSolution
		HideSolutionNode = FALSE
	EndGlobalSection
EndGlobal
